
Microsoft Visual Studio Solution File, Format Version 12.00
# Visual Studio Version 16
VisualStudioVersion = 16.0.31205.134
MinimumVisualStudioVersion = 10.0.40219.1
Project("{FAE04EC0-301F-11D3-BF4B-00C04F79EFBC}") = "WPF browser", "WPF browser\WPF browser.csproj", "{C3CB7A10-73E7-40ED-A2B4-2A5F84CE681F}"
EndProject
Global
	GlobalSection(SolutionConfigurationPlatforms) = preSolution
		Debug|Any CPU = Debug|Any CPU
		Release|Any CPU = Release|Any CPU
	EndGlobalSection
	GlobalSection(ProjectConfigurationPlatforms) = postSolution
		{C3CB7A10-73E7-40ED-A2B4-2A5F84CE681F}.Debug|Any CPU.ActiveCfg = Debug|Any CPU
		{C3CB7A10-73E7-40ED-A2B4-2A5F84CE681F}.Debug|Any CPU.Build.0 = Debug|Any CPU
		{C3CB7A10-73E7-40ED-A2B4-2A5F84CE681F}.Release|Any CPU.ActiveCfg = Release|Any CPU
		{C3CB7A10-73E7-40ED-A2B4-2A5F84CE681F}.Release|Any CPU.Build.0 = Release|Any CPU
	EndGlobalSection
	GlobalSection(SolutionProperties) = preSolution
		HideSolutionNode = FALSE
	EndGlobalSection
	GlobalSection(ExtensibilityGlobals) = postSolution
		SolutionGuid = {8F10AEA5-12EB-48B9-B7BC-54418EFAE1EB}
	EndGlobalSection
EndGlobal
